// !$*UTF8*$!
{
	archiveVersion = 1;
	classes = {
	};
	objectVersion = 55;
	objects = {

/* Begin PBXBuildFile section */
		DE96938D28B08F7F00414B86 /* wordpress_iosApp.swift in Sources */ = {isa = PBXBuildFile; fileRef = DE96938C28B08F7F00414B86 /* wordpress_iosApp.swift */; };
		DE96938F28B08F7F00414B86 /* ContentView.swift in Sources */ = {isa = PBXBuildFile; fileRef = DE96938E28B08F7F00414B86 /* ContentView.swift */; };
		DE96939128B08F8200414B86 /* Assets.xcassets in Resources */ = {isa = PBXBuildFile; fileRef = DE96939028B08F8200414B86 /* Assets.xcassets */; };
		DE96939428B08F8200414B86 /* Preview Assets.xcassets in Resources */ = {isa = PBXBuildFile; fileRef = DE96939328B08F8200414B86 /* Preview Assets.xcassets */; };
/* End PBXBuildFile section */

/* Begin PBXContainerItemProxy section */
		DE96939A28B08F8300414B86 /* PBXContainerItemProxy */ = {
			isa = PBXContainerItemProxy;
			containerPortal = DE96938128B08F7F00414B86 /* Project object */;
			proxyType = 1;
			remoteGlobalIDString = DE96938828B08F7F00414B86;
			remoteInfo = "wordpress-ios";
		};
		DE9693A428B08F8300414B86 /* PBXContainerItemProxy */ = {
			isa = PBXContainerItemProxy;
			containerPortal = DE96938128B08F7F00414B86 /* Project object */;
			proxyType = 1;
			remoteGlobalIDString = DE96938828B08F7F00414B86;
			remoteInfo = "wordpress-ios";
		};
/* End PBXContainerItemProxy section */

/* Begin PBXFileReference section */
		DE96938928B08F7F00414B86 /* wordpress-ios.app */ = {isa = PBXFileReference; explicitFileType = wrapper.application; includeInIndex = 0; path = "wordpress-ios.app"; sourceTree = BUILT_PRODUCTS_DIR; };
		DE96938C28B08F7F00414B86 /* wordpress_iosApp.swift */ = {isa = PBXFileReference; lastKnownFileType = sourcecode.swift; path = wordpress_iosApp.swift; sourceTree = "<group>"; };
		DE96938E28B08F7F00414B86 /* ContentView.swift */ = {isa = PBXFileReference; lastKnownFileType = sourcecode.swift; path = ContentView.swift; sourceTree = "<group>"; };
		DE96939028B08F8200414B86 /* Assets.xcassets */ = {isa = PBXFileReference; lastKnownFileType = folder.assetcatalog; path = Assets.xcassets; sourceTree = "<group>"; };
		DE96939328B08F8200414B86 /* Preview Assets.xcassets */ = {isa = PBXFileReference; lastKnownFileType = folder.assetcatalog; path = "Preview Assets.xcassets"; sourceTree = "<group>"; };
		DE96939928B08F8300414B86 /* wordpress-iosTests.xctest */ = {isa = PBXFileReference; explicitFileType = wrapper.cfbundle; includeInIndex = 0; path = "wordpress-iosTests.xctest"; sourceTree = BUILT_PRODUCTS_DIR; };
		DE9693A328B08F8300414B86 /* wordpress-iosUITests.xctest */ = {isa = PBXFileReference; explicitFileType = wrapper.cfbundle; includeInIndex = 0; path = "wordpress-iosUITests.xctest"; sourceTree = BUILT_PRODUCTS_DIR; };
/* End PBXFileReference section */

/* Begin PBXFrameworksBuildPhase section */
		DE96938628B08F7F00414B86 /* Frameworks */ = {
			isa = PBXFrameworksBuildPhase;
			buildActionMask = 2147483647;
			files = (
			);
			runOnlyForDeploymentPostprocessing = 0;
		};
		DE96939628B08F8300414B86 /* Frameworks */ = {
			isa = PBXFrameworksBuildPhase;
			buildActionMask = 2147483647;
			files = (
			);
			runOnlyForDeploymentPostprocessing = 0;
		};
		DE9693A028B08F8300414B86 /* Frameworks */ = {
			isa = PBXFrameworksBuildPhase;
			buildActionMask = 2147483647;
			files = (
			);
			runOnlyForDeploymentPostprocessing = 0;
		};
/* End PBXFrameworksBuildPhase section */

/* Begin PBXGroup section */
		DE96938028B08F7F00414B86 = {
			isa = PBXGroup;
			children = (
				DE96938B28B08F7F00414B86 /* wordpress-ios */,
				DE96938A28B08F7F00414B86 /* Products */,
			);
			sourceTree = "<group>";
		};
		DE96938A28B08F7F00414B86 /* Products */ = {
			isa = PBXGroup;
			children = (
				DE96938928B08F7F00414B86 /* wordpress-ios.app */,
				DE96939928B08F8300414B86 /* wordpress-iosTests.xctest */,
				DE9693A328B08F8300414B86 /* wordpress-iosUITests.xctest */,
			);
			name = Products;
			sourceTree = "<group>";
		};
		DE96938B28B08F7F00414B86 /* wordpress-ios */ = {
			isa = PBXGroup;
			children = (
				DE96938C28B08F7F00414B86 /* wordpress_iosApp.swift */,
				DE96938E28B08F7F00414B86 /* ContentView.swift */,
				DE96939028B08F8200414B86 /* Assets.xcassets */,
				DE96939228B08F8200414B86 /* Preview Content */,
			);
			path = "wordpress-ios";
			sourceTree = "<group>";
		};
		DE96939228B08F8200414B86 /* Preview Content */ = {
			isa = PBXGroup;
			children = (
				DE96939328B08F8200414B86 /* Preview Assets.xcassets */,
			);
			path = "Preview Content";
			sourceTree = "<group>";
		};
/* End PBXGroup section */

/* Begin PBXNativeTarget section */
		DE96938828B08F7F00414B86 /* wordpress-ios */ = {
			isa = PBXNativeTarget;
			buildConfigurationList = DE9693AD28B08F8300414B86 /* Build configuration list for PBXNativeTarget "wordpress-ios" */;
			buildPhases = (
				DE96938528B08F7F00414B86 /* Sources */,
				DE96938628B08F7F00414B86 /* Frameworks */,
				DE96938728B08F7F00414B86 /* Resources */,
			);
			buildRules = (
			);
			dependencies = (
			);
			name = "wordpress-ios";
			productName = "wordpress-ios";
			productReference = DE96938928B08F7F00414B86 /* wordpress-ios.app */;
			productType = "com.apple.product-type.application";
		};
		DE96939828B08F8300414B86 /* wordpress-iosTests */ = {
			isa = PBXNativeTarget;
			buildConfigurationList = DE9693B028B08F8300414B86 /* Build configuration list for PBXNativeTarget "wordpress-iosTests" */;
			buildPhases = (
				DE96939528B08F8300414B86 /* Sources */,
				DE96939628B08F8300414B86 /* Frameworks */,
				DE96939728B08F8300414B86 /* Resources */,
			);
			buildRules = (
			);
			dependencies = (
				DE96939B28B08F8300414B86 /* PBXTargetDependency */,
			);
			name = "wordpress-iosTests";
			productName = "wordpress-iosTests";
			productReference = DE96939928B08F8300414B86 /* wordpress-iosTests.xctest */;
			productType = "com.apple.product-type.bundle.unit-test";
		};
		DE9693A228B08F8300414B86 /* wordpress-iosUITests */ = {
			isa = PBXNativeTarget;
			buildConfigurationList = DE9693B328B08F8300414B86 /* Build configuration list for PBXNativeTarget "wordpress-iosUITests" */;
			buildPhases = (
				DE96939F28B08F8300414B86 /* Sources */,
				DE9693A028B08F8300414B86 /* Frameworks */,
				DE9693A128B08F8300414B86 /* Resources */,
			);
			buildRules = (
			);
			dependencies = (
				DE9693A528B08F8300414B86 /* PBXTargetDependency */,
			);
			name = "wordpress-iosUITests";
			productName = "wordpress-iosUITests";
			productReference = DE9693A328B08F8300414B86 /* wordpress-iosUITests.xctest */;
			productType = "com.apple.product-type.bundle.ui-testing";
		};
/* End PBXNativeTarget section */

/* Begin PBXProject section */
		DE96938128B08F7F00414B86 /* Project object */ = {
			isa = PBXProject;
			attributes = {
				BuildIndependentTargetsInParallel = 1;
				LastSwiftUpdateCheck = 1320;
				LastUpgradeCheck = 1320;
				TargetAttributes = {
					DE96938828B08F7F00414B86 = {
						CreatedOnToolsVersion = 13.2.1;
					};
					DE96939828B08F8300414B86 = {
						CreatedOnToolsVersion = 13.2.1;
						TestTargetID = DE96938828B08F7F00414B86;
					};
					DE9693A228B08F8300414B86 = {
						CreatedOnToolsVersion = 13.2.1;
						TestTargetID = DE96938828B08F7F00414B86;
					};
				};
			};
			buildConfigurationList = DE96938428B08F7F00414B86 /* Build configuration list for PBXProject "wordpress-ios" */;
			compatibilityVersion = "Xcode 13.0";
			developmentRegion = en;
			hasScannedForEncodings = 0;
			knownRegions = (
				en,
				Base,
			);
			mainGroup = DE96938028B08F7F00414B86;
			productRefGroup = DE96938A28B08F7F00414B86 /* Products */;
			projectDirPath = "";
			projectRoot = "";
			targets = (
				DE96938828B08F7F00414B86 /* wordpress-ios */,
				DE96939828B08F8300414B86 /* wordpress-iosTests */,
				DE9693A228B08F8300414B86 /* wordpress-iosUITests */,
			);
		};
/* End PBXProject section */

/* Begin PBXResourcesBuildPhase section */
		DE96938728B08F7F00414B86 /* Resources */ = {
			isa = PBXResourcesBuildPhase;
			buildActionMask = 2147483647;
			files = (
				DE96939428B08F8200414B86 /* Preview Assets.xcassets in Resources */,
				DE96939128B08F8200414B86 /* Assets.xcassets in Resources */,
			);
			runOnlyForDeploymentPostprocessing = 0;
		};
		DE96939728B08F8300414B86 /* Resources */ = {
			isa = PBXResourcesBuildPhase;
			buildActionMask = 2147483647;
			files = (
			);
			runOnlyForDeploymentPostprocessing = 0;
		};
		DE9693A128B08F8300414B86 /* Resources */ = {
			isa = PBXResourcesBuildPhase;
			buildActionMask = 2147483647;
			files = (
			);
			runOnlyForDeploymentPostprocessing = 0;
		};
/* End PBXResourcesBuildPhase section */

/* Begin PBXSourcesBuildPhase section */
		DE96938528B08F7F00414B86 /* Sources */ = {
			isa = PBXSourcesBuildPhase;
			buildActionMask = 2147483647;
			files = (
				DE96938F28B08F7F00414B86 /* ContentView.swift in Sources */,
				DE96938D28B08F7F00414B86 /* wordpress_iosApp.swift in Sources */,
			);
			runOnlyForDeploymentPostprocessing = 0;
		};
		DE96939528B08F8300414B86 /* Sources */ = {
			isa = PBXSourcesBuildPhase;
			buildActionMask = 2147483647;
			files = (
			);
			runOnlyForDeploymentPostprocessing = 0;
		};
		DE96939F28B08F8300414B86 /* Sources */ = {
			isa = PBXSourcesBuildPhase;
			buildActionMask = 2147483647;
			files = (
			);
			runOnlyForDeploymentPostprocessing = 0;
		};
/* End PBXSourcesBuildPhase section */

/* Begin PBXTargetDependency section */
		DE96939B28B08F8300414B86 /* PBXTargetDependency */ = {
			isa = PBXTargetDependency;
			target = DE96938828B08F7F00414B86 /* wordpress-ios */;
			targetProxy = DE96939A28B08F8300414B86 /* PBXContainerItemProxy */;
		};
		DE9693A528B08F8300414B86 /* PBXTargetDependency */ = {
			isa = PBXTargetDependency;
			target = DE96938828B08F7F00414B86 /* wordpress-ios */;
			targetProxy = DE9693A428B08F8300414B86 /* PBXContainerItemProxy */;
		};
/* End PBXTargetDependency section */

/* Begin XCBuildConfiguration section */
		DE9693AB28B08F8300414B86 /* Debug */ = {
			isa = XCBuildConfiguration;
			buildSettings = {
				ALWAYS_SEARCH_USER_PATHS = NO;
				CLANG_ANALYZER_NONNULL = YES;
				CLANG_ANALYZER_NUMBER_OBJECT_CONVERSION = YES_AGGRESSIVE;
				CLANG_CXX_LANGUAGE_STANDARD = "gnu++17";
				CLANG_CXX_LIBRARY = "libc++";
				CLANG_ENABLE_MODULES = YES;
				CLANG_ENABLE_OBJC_ARC = YES;
				CLANG_ENABLE_OBJC_WEAK = YES;
				CLANG_WARN_BLOCK_CAPTURE_AUTORELEASING = YES;
				CLANG_WARN_BOOL_CONVERSION = YES;
				CLANG_WARN_COMMA = YES;
				CLANG_WARN_CONSTANT_CONVERSION = YES;
				CLANG_WARN_DEPRECATED_OBJC_IMPLEMENTATIONS = YES;
				CLANG_WARN_DIRECT_OBJC_ISA_USAGE = YES_ERROR;
				CLANG_WARN_DOCUMENTATION_COMMENTS = YES;
				CLANG_WARN_EMPTY_BODY = YES;
				CLANG_WARN_ENUM_CONVERSION = YES;
				CLANG_WARN_INFINITE_RECURSION = YES;
				CLANG_WARN_INT_CONVERSION = YES;
				CLANG_WARN_NON_LITERAL_NULL_CONVERSION = YES;
				CLANG_WARN_OBJC_IMPLICIT_RETAIN_SELF = YES;
				CLANG_WARN_OBJC_LITERAL_CONVERSION = YES;
				CLANG_WARN_OBJC_ROOT_CLASS = YES_ERROR;
				CLANG_WARN_QUOTED_INCLUDE_IN_FRAMEWORK_HEADER = YES;
				CLANG_WARN_RANGE_LOOP_ANALYSIS = YES;
				CLANG_WARN_STRICT_PROTOTYPES = YES;
				CLANG_WARN_SUSPICIOUS_MOVE = YES;
				CLANG_WARN_UNGUARDED_AVAILABILITY = YES_AGGRESSIVE;
				CLANG_WARN_UNREACHABLE_CODE = YES;
				CLANG_WARN__DUPLICATE_METHOD_MATCH = YES;
				COPY_PHASE_STRIP = NO;
				DEBUG_INFORMATION_FORMAT = dwarf;
				ENABLE_STRICT_OBJC_MSGSEND = YES;
				ENABLE_TESTABILITY = YES;
				GCC_C_LANGUAGE_STANDARD = gnu11;
				GCC_DYNAMIC_NO_PIC = NO;
				GCC_NO_COMMON_BLOCKS = YES;
				GCC_OPTIMIZATION_LEVEL = 0;
				GCC_PREPROCESSOR_DEFINITIONS = (
					"DEBUG=1",
					"$(inherited)",
				);
				GCC_WARN_64_TO_32_BIT_CONVERSION = YES;
				GCC_WARN_ABOUT_RETURN_TYPE = YES_ERROR;
				GCC_WARN_UNDECLARED_SELECTOR = YES;
				GCC_WARN_UNINITIALIZED_AUTOS = YES_AGGRESSIVE;
				GCC_WARN_UNUSED_FUNCTION = YES;
				GCC_WARN_UNUSED_VARIABLE = YES;
				IPHONEOS_DEPLOYMENT_TARGET = 15.2;
				MTL_ENABLE_DEBUG_INFO = INCLUDE_SOURCE;
				MTL_FAST_MATH = YES;
				ONLY_ACTIVE_ARCH = YES;
				SDKROOT = iphoneos;
				SWIFT_ACTIVE_COMPILATION_CONDITIONS = DEBUG;
				SWIFT_OPTIMIZATION_LEVEL = "-Onone";
			};
			name = Debug;
		};
		DE9693AC28B08F8300414B86 /* Release */ = {
			isa = XCBuildConfiguration;
			buildSettings = {
				ALWAYS_SEARCH_USER_PATHS = NO;
				CLANG_ANALYZER_NONNULL = YES;
				CLANG_ANALYZER_NUMBER_OBJECT_CONVERSION = YES_AGGRESSIVE;
				CLANG_CXX_LANGUAGE_STANDARD = "gnu++17";
				CLANG_CXX_LIBRARY = "libc++";
				CLANG_ENABLE_MODULES = YES;
				CLANG_ENABLE_OBJC_ARC = YES;
				CLANG_ENABLE_OBJC_WEAK = YES;
				CLANG_WARN_BLOCK_CAPTURE_AUTORELEASING = YES;
				CLANG_WARN_BOOL_CONVERSION = YES;
				CLANG_WARN_COMMA = YES;
				CLANG_WARN_CONSTANT_CONVERSION = YES;
				CLANG_WARN_DEPRECATED_OBJC_IMPLEMENTATIONS = YES;
				CLANG_WARN_DIRECT_OBJC_ISA_USAGE = YES_ERROR;
				CLANG_WARN_DOCUMENTATION_COMMENTS = YES;
				CLANG_WARN_EMPTY_BODY = YES;
				CLANG_WARN_ENUM_CONVERSION = YES;
				CLANG_WARN_INFINITE_RECURSION = YES;
				CLANG_WARN_INT_CONVERSION = YES;
				CLANG_WARN_NON_LITERAL_NULL_CONVERSION = YES;
				CLANG_WARN_OBJC_IMPLICIT_RETAIN_SELF = YES;
				CLANG_WARN_OBJC_LITERAL_CONVERSION = YES;
				CLANG_WARN_OBJC_ROOT_CLASS = YES_ERROR;
				CLANG_WARN_QUOTED_INCLUDE_IN_FRAMEWORK_HEADER = YES;
				CLANG_WARN_RANGE_LOOP_ANALYSIS = YES;
				CLANG_WARN_STRICT_PROTOTYPES = YES;
				CLANG_WARN_SUSPICIOUS_MOVE = YES;
				CLANG_WARN_UNGUARDED_AVAILABILITY = YES_AGGRESSIVE;
				CLANG_WARN_UNREACHABLE_CODE = YES;
				CLANG_WARN__DUPLICATE_METHOD_MATCH = YES;
				COPY_PHASE_STRIP = NO;
				DEBUG_INFORMATION_FORMAT = "dwarf-with-dsym";
				ENABLE_NS_ASSERTIONS = NO;
				ENABLE_STRICT_OBJC_MSGSEND = YES;
				GCC_C_LANGUAGE_STANDARD = gnu11;
				GCC_NO_COMMON_BLOCKS = YES;
				GCC_WARN_64_TO_32_BIT_CONVERSION = YES;
				GCC_WARN_ABOUT_RETURN_TYPE = YES_ERROR;
				GCC_WARN_UNDECLARED_SELECTOR = YES;
				GCC_WARN_UNINITIALIZED_AUTOS = YES_AGGRESSIVE;
				GCC_WARN_UNUSED_FUNCTION = YES;
				GCC_WARN_UNUSED_VARIABLE = YES;
				IPHONEOS_DEPLOYMENT_TARGET = 15.2;
				MTL_ENABLE_DEBUG_INFO = NO;
				MTL_FAST_MATH = YES;
				SDKROOT = iphoneos;
				SWIFT_COMPILATION_MODE = wholemodule;
				SWIFT_OPTIMIZATION_LEVEL = "-O";
				VALIDATE_PRODUCT = YES;
			};
			name = Release;
		};
		DE9693AE28B08F8300414B86 /* Debug */ = {
			isa = XCBuildConfiguration;
			buildSettings = {
				ASSETCATALOG_COMPILER_APPICON_NAME = AppIcon;
				ASSETCATALOG_COMPILER_GLOBAL_ACCENT_COLOR_NAME = AccentColor;
				CODE_SIGN_STYLE = Automatic;
				CURRENT_PROJECT_VERSION = 1;
				DEVELOPMENT_ASSET_PATHS = "\"wordpress-ios/Preview Content\"";
				ENABLE_PREVIEWS = YES;
				GENERATE_INFOPLIST_FILE = YES;
				INFOPLIST_KEY_UIApplicationSceneManifest_Generation = YES;
				INFOPLIST_KEY_UIApplicationSupportsIndirectInputEvents = YES;
				INFOPLIST_KEY_UILaunchScreen_Generation = YES;
				INFOPLIST_KEY_UISupportedInterfaceOrientations_iPad = "UIInterfaceOrientationPortrait UIInterfaceOrientationPortraitUpsideDown UIInterfaceOrientationLandscapeLeft UIInterfaceOrientationLandscapeRight";
				INFOPLIST_KEY_UISupportedInterfaceOrientations_iPhone = "UIInterfaceOrientationPortrait UIInterfaceOrientationLandscapeLeft UIInterfaceOrientationLandscapeRight";
				LD_RUNPATH_SEARCH_PATHS = (
					"$(inherited)",
					"@executable_path/Frameworks",
				);
				MARKETING_VERSION = 1.0;
				PRODUCT_BUNDLE_IDENTIFIER = "cn.cafe123.wordpress-ios";
				PRODUCT_NAME = "$(TARGET_NAME)";
				SWIFT_EMIT_LOC_STRINGS = YES;
				SWIFT_VERSION = 5.0;
				TARGETED_DEVICE_FAMILY = "1,2";
			};
			name = Debug;
		};
		DE9693AF28B08F8300414B86 /* Release */ = {
			isa = XCBuildConfiguration;
			buildSettings = {
				ASSETCATALOG_COMPILER_APPICON_NAME = AppIcon;
				ASSETCATALOG_COMPILER_GLOBAL_ACCENT_COLOR_NAME = AccentColor;
				CODE_SIGN_STYLE = Automatic;
				CURRENT_PROJECT_VERSION = 1;
				DEVELOPMENT_ASSET_PATHS = "\"wordpress-ios/Preview Content\"";
				ENABLE_PREVIEWS = YES;
				GENERATE_INFOPLIST_FILE = YES;
				INFOPLIST_KEY_UIApplicationSceneManifest_Generation = YES;
				INFOPLIST_KEY_UIApplicationSupportsIndirectInputEvents = YES;
				INFOPLIST_KEY_UILaunchScreen_Generation = YES;
				INFOPLIST_KEY_UISupportedInterfaceOrientations_iPad = "UIInterfaceOrientationPortrait UIInterfaceOrientationPortraitUpsideDown UIInterfaceOrientationLandscapeLeft UIInterfaceOrientationLandscapeRight";
				INFOPLIST_KEY_UISupportedInterfaceOrientations_iPhone = "UIInterfaceOrientationPortrait UIInterfaceOrientationLandscapeLeft UIInterfaceOrientationLandscapeRight";
				LD_RUNPATH_SEARCH_PATHS = (
					"$(inherited)",
					"@executable_path/Frameworks",
				);
				MARKETING_VERSION = 1.0;
				PRODUCT_BUNDLE_IDENTIFIER = "cn.cafe123.wordpress-ios";
				PRODUCT_NAME = "$(TARGET_NAME)";
				SWIFT_EMIT_LOC_STRINGS = YES;
				SWIFT_VERSION = 5.0;
				TARGETED_DEVICE_FAMILY = "1,2";
			};
			name = Release;
		};
		DE9693B128B08F8300414B86 /* Debug */ = {
			isa = XCBuildConfiguration;
			buildSettings = {
				ALWAYS_EMBED_SWIFT_STANDARD_LIBRARIES = YES;
				BUNDLE_LOADER = "$(TEST_HOST)";
				CODE_SIGN_STYLE = Automatic;
				CURRENT_PROJECT_VERSION = 1;
				GENERATE_INFOPLIST_FILE = YES;
				IPHONEOS_DEPLOYMENT_TARGET = 15.2;
				MARKETING_VERSION = 1.0;
				PRODUCT_BUNDLE_IDENTIFIER = "cn.cafe123.wordpress-iosTests";
				PRODUCT_NAME = "$(TARGET_NAME)";
				SWIFT_EMIT_LOC_STRINGS = NO;
				SWIFT_VERSION = 5.0;
				TARGETED_DEVICE_FAMILY = "1,2";
				TEST_HOST = "$(BUILT_PRODUCTS_DIR)/wordpress-ios.app/wordpress-ios";
			};
			name = Debug;
		};
		DE9693B228B08F8300414B86 /* Release */ = {
			isa = XCBuildConfiguration;
			buildSettings = {
				ALWAYS_EMBED_SWIFT_STANDARD_LIBRARIES = YES;
				BUNDLE_LOADER = "$(TEST_HOST)";
				CODE_SIGN_STYLE = Automatic;
				CURRENT_PROJECT_VERSION = 1;
				GENERATE_INFOPLIST_FILE = YES;
				IPHONEOS_DEPLOYMENT_TARGET = 15.2;
				MARKETING_VERSION = 1.0;
				PRODUCT_BUNDLE_IDENTIFIER = "cn.cafe123.wordpress-iosTests";
				PRODUCT_NAME = "$(TARGET_NAME)";
				SWIFT_EMIT_LOC_STRINGS = NO;
				SWIFT_VERSION = 5.0;
				TARGETED_DEVICE_FAMILY = "1,2";
				TEST_HOST = "$(BUILT_PRODUCTS_DIR)/wordpress-ios.app/wordpress-ios";
			};
			name = Release;
		};
		DE9693B428B08F8300414B86 /* Debug */ = {
			isa = XCBuildConfiguration;
			buildSettings = {
				ALWAYS_EMBED_SWIFT_STANDARD_LIBRARIES = YES;
				CODE_SIGN_STYLE = Automatic;
				CURRENT_PROJECT_VERSION = 1;
				GENERATE_INFOPLIST_FILE = YES;
				MARKETING_VERSION = 1.0;
				PRODUCT_BUNDLE_IDENTIFIER = "cn.cafe123.wordpress-iosUITests";
				PRODUCT_NAME = "$(TARGET_NAME)";
				SWIFT_EMIT_LOC_STRINGS = NO;
				SWIFT_VERSION = 5.0;
				TARGETED_DEVICE_FAMILY = "1,2";
				TEST_TARGET_NAME = "wordpress-ios";
			};
			name = Debug;
		};
		DE9693B528B08F8300414B86 /* Release */ = {
			isa = XCBuildConfiguration;
			buildSettings = {
				ALWAYS_EMBED_SWIFT_STANDARD_LIBRARIES = YES;
				CODE_SIGN_STYLE = Automatic;
				CURRENT_PROJECT_VERSION = 1;
				GENERATE_INFOPLIST_FILE = YES;
				MARKETING_VERSION = 1.0;
				PRODUCT_BUNDLE_IDENTIFIER = "cn.cafe123.wordpress-iosUITests";
				PRODUCT_NAME = "$(TARGET_NAME)";
				SWIFT_EMIT_LOC_STRINGS = NO;
				SWIFT_VERSION = 5.0;
				TARGETED_DEVICE_FAMILY = "1,2";
				TEST_TARGET_NAME = "wordpress-ios";
			};
			name = Release;
		};
/* End XCBuildConfiguration section */

/* Begin XCConfigurationList section */
		DE96938428B08F7F00414B86 /* Build configuration list for PBXProject "wordpress-ios" */ = {
			isa = XCConfigurationList;
			buildConfigurations = (
				DE9693AB28B08F8300414B86 /* Debug */,
				DE9693AC28B08F8300414B86 /* Release */,
			);
			defaultConfigurationIsVisible = 0;
			defaultConfigurationName = Release;
		};
		DE9693AD28B08F8300414B86 /* Build configuration list for PBXNativeTarget "wordpress-ios" */ = {
			isa = XCConfigurationList;
			buildConfigurations = (
				DE9693AE28B08F8300414B86 /* Debug */,
				DE9693AF28B08F8300414B86 /* Release */,
			);
			defaultConfigurationIsVisible = 0;
			defaultConfigurationName = Release;
		};
		DE9693B028B08F8300414B86 /* Build configuration list for PBXNativeTarget "wordpress-iosTests" */ = {
			isa = XCConfigurationList;
			buildConfigurations = (
				DE9693B128B08F8300414B86 /* Debug */,
				DE9693B228B08F8300414B86 /* Release */,
			);
			defaultConfigurationIsVisible = 0;
			defaultConfigurationName = Release;
		};
		DE9693B328B08F8300414B86 /* Build configuration list for PBXNativeTarget "wordpress-iosUITests" */ = {
			isa = XCConfigurationList;
			buildConfigurations = (
				DE9693B428B08F8300414B86 /* Debug */,
				DE9693B528B08F8300414B86 /* Release */,
			);
			defaultConfigurationIsVisible = 0;
			defaultConfigurationName = Release;
		};
/* End XCConfigurationList section */
	};
	rootObject = DE96938128B08F7F00414B86 /* Project object */;
}
